
Microsoft Visual Studio Solution File, Format Version 12.00
# Visual Studio 15
VisualStudioVersion = 15.0.27703.2035
MinimumVisualStudioVersion = 10.0.40219.1
Project("{FAE04EC0-301F-11D3-BF4B-00C04F79EFBC}") = "ResourcingTool", "ResourcingTool\ResourcingTool.csproj", "{C3EC417F-321F-4650-89CB-0C644C885822}"
EndProject
Project("{CC5FD16D-436D-48AD-A40C-5A424C6E3E79}") = "ResourcingTool.Azure", "ResourcingTool.Azure\ResourcingTool.Azure.ccproj", "{A54114F5-8652-40E2-B134-C346E31D6E2B}"
EndProject
Global
	GlobalSection(SolutionConfigurationPlatforms) = preSolution
		Debug|Any CPU = Debug|Any CPU
		Release|Any CPU = Release|Any CPU
	EndGlobalSection
	GlobalSection(ProjectConfigurationPlatforms) = postSolution
		{C3EC417F-321F-4650-89CB-0C644C885822}.Debug|Any CPU.ActiveCfg = Debug|Any CPU
		{C3EC417F-321F-4650-89CB-0C644C885822}.Debug|Any CPU.Build.0 = Debug|Any CPU
		{C3EC417F-321F-4650-89CB-0C644C885822}.Release|Any CPU.ActiveCfg = Release|Any CPU
		{C3EC417F-321F-4650-89CB-0C644C885822}.Release|Any CPU.Build.0 = Release|Any CPU
		{A54114F5-8652-40E2-B134-C346E31D6E2B}.Debug|Any CPU.ActiveCfg = Debug|Any CPU
		{A54114F5-8652-40E2-B134-C346E31D6E2B}.Debug|Any CPU.Build.0 = Debug|Any CPU
		{A54114F5-8652-40E2-B134-C346E31D6E2B}.Release|Any CPU.ActiveCfg = Release|Any CPU
		{A54114F5-8652-40E2-B134-C346E31D6E2B}.Release|Any CPU.Build.0 = Release|Any CPU
	EndGlobalSection
	GlobalSection(SolutionProperties) = preSolution
		HideSolutionNode = FALSE
	EndGlobalSection
	GlobalSection(ExtensibilityGlobals) = postSolution
		SolutionGuid = {040ED1FD-76F7-48D8-8C9A-6D996F0CB572}
	EndGlobalSection
EndGlobal
